
Microsoft Visual Studio Solution File, Format Version 12.00
# Visual Studio Version 17
VisualStudioVersion = 17.5.33424.131
MinimumVisualStudioVersion = 10.0.40219.1
Project("{9A19103F-16F7-4668-BE54-9A1E7A4F7556}") = "API", "API\API.csproj", "{3A4CF2BF-5494-4E02-9F9B-B20E4AB17A3B}"
EndProject
Project("{FAE04EC0-301F-11D3-BF4B-00C04F79EFBC}") = "Application", "Application\Application.csproj", "{255AA638-544D-4846-9902-FEAF6E5AD701}"
EndProject
Project("{FAE04EC0-301F-11D3-BF4B-00C04F79EFBC}") = "Contracts", "Contracts\Contracts.csproj", "{09203387-CED1-423F-98D0-8B9B1144D7EF}"
EndProject
Project("{FAE04EC0-301F-11D3-BF4B-00C04F79EFBC}") = "Domain", "Domain\Domain.csproj", "{057C076E-D46B-4211-A78F-6956930C20D7}"
EndProject
Project("{FAE04EC0-301F-11D3-BF4B-00C04F79EFBC}") = "Infrastructure", "Infrastructure\Infrastructure.csproj", "{E79845BA-F03D-4FCC-A4F7-0F27351C4C0C}"
EndProject
Global
	GlobalSection(SolutionConfigurationPlatforms) = preSolution
		Debug|Any CPU = Debug|Any CPU
		Release|Any CPU = Release|Any CPU
	EndGlobalSection
	GlobalSection(ProjectConfigurationPlatforms) = postSolution
		{3A4CF2BF-5494-4E02-9F9B-B20E4AB17A3B}.Debug|Any CPU.ActiveCfg = Debug|Any CPU
		{3A4CF2BF-5494-4E02-9F9B-B20E4AB17A3B}.Debug|Any CPU.Build.0 = Debug|Any CPU
		{3A4CF2BF-5494-4E02-9F9B-B20E4AB17A3B}.Release|Any CPU.ActiveCfg = Release|Any CPU
		{3A4CF2BF-5494-4E02-9F9B-B20E4AB17A3B}.Release|Any CPU.Build.0 = Release|Any CPU
		{255AA638-544D-4846-9902-FEAF6E5AD701}.Debug|Any CPU.ActiveCfg = Debug|Any CPU
		{255AA638-544D-4846-9902-FEAF6E5AD701}.Debug|Any CPU.Build.0 = Debug|Any CPU
		{255AA638-544D-4846-9902-FEAF6E5AD701}.Release|Any CPU.ActiveCfg = Release|Any CPU
		{255AA638-544D-4846-9902-FEAF6E5AD701}.Release|Any CPU.Build.0 = Release|Any CPU
		{09203387-CED1-423F-98D0-8B9B1144D7EF}.Debug|Any CPU.ActiveCfg = Debug|Any CPU
		{09203387-CED1-423F-98D0-8B9B1144D7EF}.Debug|Any CPU.Build.0 = Debug|Any CPU
		{09203387-CED1-423F-98D0-8B9B1144D7EF}.Release|Any CPU.ActiveCfg = Release|Any CPU
		{09203387-CED1-423F-98D0-8B9B1144D7EF}.Release|Any CPU.Build.0 = Release|Any CPU
		{057C076E-D46B-4211-A78F-6956930C20D7}.Debug|Any CPU.ActiveCfg = Debug|Any CPU
		{057C076E-D46B-4211-A78F-6956930C20D7}.Debug|Any CPU.Build.0 = Debug|Any CPU
		{057C076E-D46B-4211-A78F-6956930C20D7}.Release|Any CPU.ActiveCfg = Release|Any CPU
		{057C076E-D46B-4211-A78F-6956930C20D7}.Release|Any CPU.Build.0 = Release|Any CPU
		{E79845BA-F03D-4FCC-A4F7-0F27351C4C0C}.Debug|Any CPU.ActiveCfg = Debug|Any CPU
		{E79845BA-F03D-4FCC-A4F7-0F27351C4C0C}.Debug|Any CPU.Build.0 = Debug|Any CPU
		{E79845BA-F03D-4FCC-A4F7-0F27351C4C0C}.Release|Any CPU.ActiveCfg = Release|Any CPU
		{E79845BA-F03D-4FCC-A4F7-0F27351C4C0C}.Release|Any CPU.Build.0 = Release|Any CPU
	EndGlobalSection
	GlobalSection(SolutionProperties) = preSolution
		HideSolutionNode = FALSE
	EndGlobalSection
	GlobalSection(ExtensibilityGlobals) = postSolution
		SolutionGuid = {A21F4993-7A3B-4CB0-A579-D79B35EE0338}
	EndGlobalSection
EndGlobal
